<?xml version="1.0" encoding="utf-8"?>
<Project ToolsVersion="4.0" xmlns="http://schemas.microsoft.com/developer/msbuild/2003">
  <ItemGroup>
    <Filter Include="Public">
      <UniqueIdentifier>{53aa9e6e-d238-4319-9b48-654b1be2bc03}</UniqueIdentifier>
    </Filter>
    <Filter Include="Private">
      <UniqueIdentifier>{63355af7-575f-4216-b553-e6d4606e059a}</UniqueIdentifier>
    </Filter>
  </ItemGroup>
  <ItemGroup>
    <ClInclude Include="..\..\..\Source\Runtime\Engine\Public\Entity.h">
      <Filter>Public</Filter>
    </ClInclude>
    <ClInclude Include="..\..\..\Source\Runtime\Engine\Private\EnginePCH.h">
      <Filter>Private</Filter>
    </ClInclude>
    <ClInclude Include="..\..\..\Source\Runtime\Engine\Public\EntityManager.h">
      <Filter>Public</Filter>
    </ClInclude>
    <ClInclude Include="..\..\..\Source\Runtime\Engine\Public\EngineHeaders.h">
      <Filter>Public</Filter>
    </ClInclude>
    <ClInclude Include="..\..\..\Source\Runtime\Engine\Public\ComponentManager.h">
      <Filter>Public</Filter>
    </ClInclude>
  </ItemGroup>
  <ItemGroup>
    <ClCompile Include="..\..\..\Source\Runtime\Engine\Private\EnginePCH.cpp">
      <Filter>Private</Filter>
    </ClCompile>
    <ClCompile Include="..\..\..\Source\Runtime\Engine\Private\EntityManager.cpp">
      <Filter>Private</Filter>
    </ClCompile>
  </ItemGroup>
</Project>