
Microsoft Visual Studio Solution File, Format Version 12.00
# Visual Studio Version 17
VisualStudioVersion = 17.1.32210.238
MinimumVisualStudioVersion = 10.0.40219.1
Project("{8BC9CEB8-8B4A-11D0-8D11-00A0C91BC942}") = "Core", "Runtime\Core\Core.vcxproj", "{245881BC-F8B0-479B-94B4-6BC5DCDFC4EE}"
EndProject
Project("{8BC9CEB8-8B4A-11D0-8D11-00A0C91BC942}") = "Engine", "Runtime\Engine\Engine.vcxproj", "{1AF8CB50-351D-46AF-8D55-E5444CEB332A}"
EndProject
Global
	GlobalSection(SolutionConfigurationPlatforms) = preSolution
		Debug|x64 = Debug|x64
		Debug|x86 = Debug|x86
		Release|x64 = Release|x64
		Release|x86 = Release|x86
	EndGlobalSection
	GlobalSection(ProjectConfigurationPlatforms) = postSolution
		{245881BC-F8B0-479B-94B4-6BC5DCDFC4EE}.Debug|x64.ActiveCfg = Debug|x64
		{245881BC-F8B0-479B-94B4-6BC5DCDFC4EE}.Debug|x64.Build.0 = Debug|x64
		{245881BC-F8B0-479B-94B4-6BC5DCDFC4EE}.Debug|x86.ActiveCfg = Debug|Win32
		{245881BC-F8B0-479B-94B4-6BC5DCDFC4EE}.Debug|x86.Build.0 = Debug|Win32
		{245881BC-F8B0-479B-94B4-6BC5DCDFC4EE}.Release|x64.ActiveCfg = Release|x64
		{245881BC-F8B0-479B-94B4-6BC5DCDFC4EE}.Release|x64.Build.0 = Release|x64
		{245881BC-F8B0-479B-94B4-6BC5DCDFC4EE}.Release|x86.ActiveCfg = Release|Win32
		{245881BC-F8B0-479B-94B4-6BC5DCDFC4EE}.Release|x86.Build.0 = Release|Win32
		{1AF8CB50-351D-46AF-8D55-E5444CEB332A}.Debug|x64.ActiveCfg = Debug|x64
		{1AF8CB50-351D-46AF-8D55-E5444CEB332A}.Debug|x64.Build.0 = Debug|x64
		{1AF8CB50-351D-46AF-8D55-E5444CEB332A}.Debug|x86.ActiveCfg = Debug|Win32
		{1AF8CB50-351D-46AF-8D55-E5444CEB332A}.Debug|x86.Build.0 = Debug|Win32
		{1AF8CB50-351D-46AF-8D55-E5444CEB332A}.Release|x64.ActiveCfg = Release|x64
		{1AF8CB50-351D-46AF-8D55-E5444CEB332A}.Release|x64.Build.0 = Release|x64
		{1AF8CB50-351D-46AF-8D55-E5444CEB332A}.Release|x86.ActiveCfg = Release|Win32
		{1AF8CB50-351D-46AF-8D55-E5444CEB332A}.Release|x86.Build.0 = Release|Win32
	EndGlobalSection
	GlobalSection(SolutionProperties) = preSolution
		HideSolutionNode = FALSE
	EndGlobalSection
	GlobalSection(ExtensibilityGlobals) = postSolution
		SolutionGuid = {DF0B5A68-A46D-4D0A-B4AE-C9C1F963D19E}
	EndGlobalSection
EndGlobal
